
Microsoft Visual Studio Solution File, Format Version 12.00
# Visual Studio 2012
Project("{FAE04EC0-301F-11D3-BF4B-00C04F79EFBC}") = "SOSamples_SimpleMembership", "SOSamples_SimpleMembership\SOSamples_SimpleMembership.csproj", "{DF806505-7920-4D1A-BAC0-A135FDA56D03}"
EndProject
Global
	GlobalSection(SolutionConfigurationPlatforms) = preSolution
		Debug|Any CPU = Debug|Any CPU
		Release|Any CPU = Release|Any CPU
	EndGlobalSection
	GlobalSection(ProjectConfigurationPlatforms) = postSolution
		{DF806505-7920-4D1A-BAC0-A135FDA56D03}.Debug|Any CPU.ActiveCfg = Debug|Any CPU
		{DF806505-7920-4D1A-BAC0-A135FDA56D03}.Debug|Any CPU.Build.0 = Debug|Any CPU
		{DF806505-7920-4D1A-BAC0-A135FDA56D03}.Release|Any CPU.ActiveCfg = Release|Any CPU
		{DF806505-7920-4D1A-BAC0-A135FDA56D03}.Release|Any CPU.Build.0 = Release|Any CPU
	EndGlobalSection
	GlobalSection(SolutionProperties) = preSolution
		HideSolutionNode = FALSE
	EndGlobalSection
EndGlobal
